{
    "_readme": [
        "This file locks the dependencies of your project to a known state",
        "Read more about it at https://getcomposer.org/doc/01-basic-usage.md#composer-lock-the-lock-file",
        "This file is @generated automatically"
    ],
    "hash": "65d26eaaff47d1a83130255f3463ee9f",
    "content-hash": "2ad2d7cba9412bdd6b8b69f008909d3c",
    "packages": [
        {
            "name": "curl/curl",
            "version": "1.7.0",
            "source": {
                "type": "git",
                "url": "https://github.com/php-mod/curl.git",
                "reference": "17dfffae32d9132f3af30e66cb261e9b80204811"
            },
            "dist": {
                "type": "zip",
                "url": "https://api.github.com/repos/php-mod/curl/zipball/17dfffae32d9132f3af30e66cb261e9b80204811",
                "reference": "17dfffae32d9132f3af30e66cb261e9b80204811",
                "shasum": ""
            },
            "require": {
                "ext-curl": "*",
                "php": ">=5.3.0"
            },
            "require-dev": {
                "phpunit/phpunit": "3.7.*",
                "squizlabs/php_codesniffer": "~2.1"
            },
            "type": "library",
            "autoload": {
                "psr-0": {
                    "Curl": "src/"
                }
            },
            "notification-url": "https://packagist.org/downloads/",
            "license": [
                "MIT"
            ],
            "authors": [
                {
                    "name": "Hassan Amouhzi",
                    "email": "hassan@anezi.net",
                    "homepage": "http://hassan.amouhzi.com"
                },
                {
                    "name": "php-curl-class",
                    "homepage": "https://github.com/php-curl-class"
                },
                {
                    "name": "user52",
                    "homepage": "https://github.com/user52"
                }
            ],
            "description": "cURL class for PHP",
            "homepage": "https://github.com/php-mod/curl",
            "keywords": [
                "curl",
                "dot"
            ],
            "time": "2017-07-28 13:15:05"
        },
        {
            "name": "emanueleminotto/simple-html-dom",
            "version": "1.5",
            "source": {
                "type": "git",
                "url": "https://github.com/EmanueleMinotto/simple-html-dom.git",
                "reference": "09b7f3ad5b62d1cc3dfc2d326845e73d2cdc2819"
            },
            "dist": {
                "type": "zip",
                "url": "https://api.github.com/repos/EmanueleMinotto/simple-html-dom/zipball/09b7f3ad5b62d1cc3dfc2d326845e73d2cdc2819",
                "reference": "09b7f3ad5b62d1cc3dfc2d326845e73d2cdc2819",
                "shasum": ""
            },
            "type": "library",
            "autoload": {
                "files": [
                    "simple_html_dom.php"
                ]
            },
            "notification-url": "https://packagist.org/downloads/",
            "license": [
                "MIT"
            ],
            "authors": [
                {
                    "name": "S.C. Chen",
                    "email": "me578022@gmail.com"
                },
                {
                    "name": "Emanuele Minotto",
                    "email": "minottoemanuele@gmail.com"
                }
            ],
            "description": "PHP Simple HTML DOM Parser",
            "time": "2015-08-31 00:31:29"
        }
    ],
    "packages-dev": [],
    "aliases": [],
    "minimum-stability": "stable",
    "stability-flags": [],
    "prefer-stable": false,
    "prefer-lowest": false,
    "platform": [],
    "platform-dev": []
}
